
Microsoft Visual Studio Solution File, Format Version 12.00
# Visual Studio Version 16
VisualStudioVersion = 16.0.31515.178
MinimumVisualStudioVersion = 10.0.40219.1
Project("{FAE04EC0-301F-11D3-BF4B-00C04F79EFBC}") = "HRM.Web.API", "HRM.Web.API\HRM.Web.API.csproj", "{3F918CB1-B7AC-462C-AE9A-5512C5DFF178}"
EndProject
Project("{FAE04EC0-301F-11D3-BF4B-00C04F79EFBC}") = "HRM.Web.Core", "HRM.Web.Core\HRM.Web.Core.csproj", "{3141FADA-FF94-4BCD-86F4-EADDCA2DCE09}"
EndProject
Project("{FAE04EC0-301F-11D3-BF4B-00C04F79EFBC}") = "HRM.Web.Infrastructure", "HRM.Web.Infrastructure\HRM.Web.Infrastructure.csproj", "{FE980098-81E6-49D0-8828-3E57E38A3ED5}"
EndProject
Global
	GlobalSection(SolutionConfigurationPlatforms) = preSolution
		Debug|Any CPU = Debug|Any CPU
		Release|Any CPU = Release|Any CPU
	EndGlobalSection
	GlobalSection(ProjectConfigurationPlatforms) = postSolution
		{3F918CB1-B7AC-462C-AE9A-5512C5DFF178}.Debug|Any CPU.ActiveCfg = Debug|Any CPU
		{3F918CB1-B7AC-462C-AE9A-5512C5DFF178}.Debug|Any CPU.Build.0 = Debug|Any CPU
		{3F918CB1-B7AC-462C-AE9A-5512C5DFF178}.Release|Any CPU.ActiveCfg = Release|Any CPU
		{3F918CB1-B7AC-462C-AE9A-5512C5DFF178}.Release|Any CPU.Build.0 = Release|Any CPU
		{3141FADA-FF94-4BCD-86F4-EADDCA2DCE09}.Debug|Any CPU.ActiveCfg = Debug|Any CPU
		{3141FADA-FF94-4BCD-86F4-EADDCA2DCE09}.Debug|Any CPU.Build.0 = Debug|Any CPU
		{3141FADA-FF94-4BCD-86F4-EADDCA2DCE09}.Release|Any CPU.ActiveCfg = Release|Any CPU
		{3141FADA-FF94-4BCD-86F4-EADDCA2DCE09}.Release|Any CPU.Build.0 = Release|Any CPU
		{FE980098-81E6-49D0-8828-3E57E38A3ED5}.Debug|Any CPU.ActiveCfg = Debug|Any CPU
		{FE980098-81E6-49D0-8828-3E57E38A3ED5}.Debug|Any CPU.Build.0 = Debug|Any CPU
		{FE980098-81E6-49D0-8828-3E57E38A3ED5}.Release|Any CPU.ActiveCfg = Release|Any CPU
		{FE980098-81E6-49D0-8828-3E57E38A3ED5}.Release|Any CPU.Build.0 = Release|Any CPU
	EndGlobalSection
	GlobalSection(SolutionProperties) = preSolution
		HideSolutionNode = FALSE
	EndGlobalSection
	GlobalSection(ExtensibilityGlobals) = postSolution
		SolutionGuid = {D777C8A3-CC59-47BB-AF2C-27A310412467}
	EndGlobalSection
EndGlobal
